
Microsoft Visual Studio Solution File, Format Version 12.00
# Visual Studio 15
VisualStudioVersion = 15.0.28307.421
MinimumVisualStudioVersion = 10.0.40219.1
Project("{FAE04EC0-301F-11D3-BF4B-00C04F79EFBC}") = "Week V - MVCIntro", "Week V - MVCIntro\Week V - MVCIntro.csproj", "{AD3BFF38-D712-474B-A16A-836E856C6388}"
EndProject
Global
	GlobalSection(SolutionConfigurationPlatforms) = preSolution
		Debug|Any CPU = Debug|Any CPU
		Release|Any CPU = Release|Any CPU
	EndGlobalSection
	GlobalSection(ProjectConfigurationPlatforms) = postSolution
		{AD3BFF38-D712-474B-A16A-836E856C6388}.Debug|Any CPU.ActiveCfg = Debug|Any CPU
		{AD3BFF38-D712-474B-A16A-836E856C6388}.Debug|Any CPU.Build.0 = Debug|Any CPU
		{AD3BFF38-D712-474B-A16A-836E856C6388}.Release|Any CPU.ActiveCfg = Release|Any CPU
		{AD3BFF38-D712-474B-A16A-836E856C6388}.Release|Any CPU.Build.0 = Release|Any CPU
	EndGlobalSection
	GlobalSection(SolutionProperties) = preSolution
		HideSolutionNode = FALSE
	EndGlobalSection
	GlobalSection(ExtensibilityGlobals) = postSolution
		SolutionGuid = {F4B5B1BD-5338-4067-AEB6-C4DA311C3A26}
	EndGlobalSection
EndGlobal
