
Microsoft Visual Studio Solution File, Format Version 12.00
# Visual Studio Version 16
VisualStudioVersion = 16.0.29609.76
MinimumVisualStudioVersion = 10.0.40219.1
Project("{FAE04EC0-301F-11D3-BF4B-00C04F79EFBC}") = "SEEUShop", "SEEUShop\SEEUShop.csproj", "{7DE3A6CF-E67B-44FC-B942-C516368C1085}"
EndProject
Global
	GlobalSection(SolutionConfigurationPlatforms) = preSolution
		Debug|Any CPU = Debug|Any CPU
		Release|Any CPU = Release|Any CPU
	EndGlobalSection
	GlobalSection(ProjectConfigurationPlatforms) = postSolution
		{7DE3A6CF-E67B-44FC-B942-C516368C1085}.Debug|Any CPU.ActiveCfg = Debug|Any CPU
		{7DE3A6CF-E67B-44FC-B942-C516368C1085}.Debug|Any CPU.Build.0 = Debug|Any CPU
		{7DE3A6CF-E67B-44FC-B942-C516368C1085}.Release|Any CPU.ActiveCfg = Release|Any CPU
		{7DE3A6CF-E67B-44FC-B942-C516368C1085}.Release|Any CPU.Build.0 = Release|Any CPU
	EndGlobalSection
	GlobalSection(SolutionProperties) = preSolution
		HideSolutionNode = FALSE
	EndGlobalSection
	GlobalSection(ExtensibilityGlobals) = postSolution
		SolutionGuid = {6F8B7741-F67E-4FA8-91F4-C13A67EE273C}
	EndGlobalSection
EndGlobal
